
Microsoft Visual Studio Solution File, Format Version 12.00
# Visual Studio Version 16
VisualStudioVersion = 16.0.29306.81
MinimumVisualStudioVersion = 10.0.40219.1
Project("{FAE04EC0-301F-11D3-BF4B-00C04F79EFBC}") = "Interfaces", "Interfaces\Interfaces.csproj", "{AA5151F9-86EF-4F3E-8509-36D19A4DBF83}"
EndProject
Project("{FAE04EC0-301F-11D3-BF4B-00C04F79EFBC}") = "VehicleWithInterface", "VehicleWithInterface\VehicleWithInterface.csproj", "{6A3FA509-A709-4C7F-B461-42657D2FEE32}"
EndProject
Global
	GlobalSection(SolutionConfigurationPlatforms) = preSolution
		Debug|Any CPU = Debug|Any CPU
		Release|Any CPU = Release|Any CPU
	EndGlobalSection
	GlobalSection(ProjectConfigurationPlatforms) = postSolution
		{AA5151F9-86EF-4F3E-8509-36D19A4DBF83}.Debug|Any CPU.ActiveCfg = Debug|Any CPU
		{AA5151F9-86EF-4F3E-8509-36D19A4DBF83}.Debug|Any CPU.Build.0 = Debug|Any CPU
		{AA5151F9-86EF-4F3E-8509-36D19A4DBF83}.Release|Any CPU.ActiveCfg = Release|Any CPU
		{AA5151F9-86EF-4F3E-8509-36D19A4DBF83}.Release|Any CPU.Build.0 = Release|Any CPU
		{6A3FA509-A709-4C7F-B461-42657D2FEE32}.Debug|Any CPU.ActiveCfg = Debug|Any CPU
		{6A3FA509-A709-4C7F-B461-42657D2FEE32}.Debug|Any CPU.Build.0 = Debug|Any CPU
		{6A3FA509-A709-4C7F-B461-42657D2FEE32}.Release|Any CPU.ActiveCfg = Release|Any CPU
		{6A3FA509-A709-4C7F-B461-42657D2FEE32}.Release|Any CPU.Build.0 = Release|Any CPU
	EndGlobalSection
	GlobalSection(SolutionProperties) = preSolution
		HideSolutionNode = FALSE
	EndGlobalSection
	GlobalSection(ExtensibilityGlobals) = postSolution
		SolutionGuid = {8D1780DD-9C4F-4613-AA4D-8A2491087522}
	EndGlobalSection
EndGlobal
